// !$*UTF8*$!
{
	archiveVersion = 1;
	classes = {
	};
	objectVersion = 56;
	objects = {

/* Begin PBXBuildFile section */
		B2A6FC78295A941600657AD9 /* OnlyPromptsApp.swift in Sources */ = {isa = PBXBuildFile; fileRef = B2A6FC77295A941600657AD9 /* OnlyPromptsApp.swift */; };
		B2A6FC7A295A941600657AD9 /* Persistence.swift in Sources */ = {isa = PBXBuildFile; fileRef = B2A6FC79295A941600657AD9 /* Persistence.swift */; };
		B2A6FC7D295A941600657AD9 /* OnlyPrompts.xcdatamodeld in Sources */ = {isa = PBXBuildFile; fileRef = B2A6FC7B295A941600657AD9 /* OnlyPrompts.xcdatamodeld */; };
		B2A6FC7F295A941600657AD9 /* ContentView.swift in Sources */ = {isa = PBXBuildFile; fileRef = B2A6FC7E295A941600657AD9 /* ContentView.swift */; };
		B2A6FC81295A941700657AD9 /* Assets.xcassets in Resources */ = {isa = PBXBuildFile; fileRef = B2A6FC80295A941700657AD9 /* Assets.xcassets */; };
		B2A6FC85295A941700657AD9 /* Preview Assets.xcassets in Resources */ = {isa = PBXBuildFile; fileRef = B2A6FC84295A941700657AD9 /* Preview Assets.xcassets */; };
		B2A6FC8C295A947F00657AD9 /* ModelData.swift in Sources */ = {isa = PBXBuildFile; fileRef = B2A6FC8B295A947F00657AD9 /* ModelData.swift */; };
		B2A6FC8E295A94B600657AD9 /* Prompt.swift in Sources */ = {isa = PBXBuildFile; fileRef = B2A6FC8D295A94B600657AD9 /* Prompt.swift */; };
		B2A6FC90295A950100657AD9 /* ImagePromptDetailView.swift in Sources */ = {isa = PBXBuildFile; fileRef = B2A6FC8F295A950100657AD9 /* ImagePromptDetailView.swift */; };
		B2A6FC96295A965000657AD9 /* CloseButton.swift in Sources */ = {isa = PBXBuildFile; fileRef = B2A6FC95295A965000657AD9 /* CloseButton.swift */; };
		B2A6FC99295A970D00657AD9 /* CloudKit.framework in Frameworks */ = {isa = PBXBuildFile; fileRef = B2A6FC98295A970D00657AD9 /* CloudKit.framework */; };
		B2A6FC9B295A981100657AD9 /* Color+Ext.swift in Sources */ = {isa = PBXBuildFile; fileRef = B2A6FC9A295A981100657AD9 /* Color+Ext.swift */; };
		B2A6FC9D295AB33400657AD9 /* ShuffleViewModel.swift in Sources */ = {isa = PBXBuildFile; fileRef = B2A6FC9C295AB33400657AD9 /* ShuffleViewModel.swift */; };
/* End PBXBuildFile section */

/* Begin PBXFileReference section */
		B2A6FC74295A941600657AD9 /* OnlyPrompts.app */ = {isa = PBXFileReference; explicitFileType = wrapper.application; includeInIndex = 0; path = OnlyPrompts.app; sourceTree = BUILT_PRODUCTS_DIR; };
		B2A6FC77295A941600657AD9 /* OnlyPromptsApp.swift */ = {isa = PBXFileReference; lastKnownFileType = sourcecode.swift; path = OnlyPromptsApp.swift; sourceTree = "<group>"; };
		B2A6FC79295A941600657AD9 /* Persistence.swift */ = {isa = PBXFileReference; lastKnownFileType = sourcecode.swift; path = Persistence.swift; sourceTree = "<group>"; };
		B2A6FC7C295A941600657AD9 /* OnlyPrompts.xcdatamodel */ = {isa = PBXFileReference; lastKnownFileType = wrapper.xcdatamodel; path = OnlyPrompts.xcdatamodel; sourceTree = "<group>"; };
		B2A6FC7E295A941600657AD9 /* ContentView.swift */ = {isa = PBXFileReference; lastKnownFileType = sourcecode.swift; path = ContentView.swift; sourceTree = "<group>"; };
		B2A6FC80295A941700657AD9 /* Assets.xcassets */ = {isa = PBXFileReference; lastKnownFileType = folder.assetcatalog; path = Assets.xcassets; sourceTree = "<group>"; };
		B2A6FC82295A941700657AD9 /* OnlyPrompts.entitlements */ = {isa = PBXFileReference; lastKnownFileType = text.plist.entitlements; path = OnlyPrompts.entitlements; sourceTree = "<group>"; };
		B2A6FC84295A941700657AD9 /* Preview Assets.xcassets */ = {isa = PBXFileReference; lastKnownFileType = folder.assetcatalog; path = "Preview Assets.xcassets"; sourceTree = "<group>"; };
		B2A6FC8B295A947F00657AD9 /* ModelData.swift */ = {isa = PBXFileReference; lastKnownFileType = sourcecode.swift; path = ModelData.swift; sourceTree = "<group>"; };
		B2A6FC8D295A94B600657AD9 /* Prompt.swift */ = {isa = PBXFileReference; lastKnownFileType = sourcecode.swift; path = Prompt.swift; sourceTree = "<group>"; };
		B2A6FC8F295A950100657AD9 /* ImagePromptDetailView.swift */ = {isa = PBXFileReference; lastKnownFileType = sourcecode.swift; path = ImagePromptDetailView.swift; sourceTree = "<group>"; };
		B2A6FC95295A965000657AD9 /* CloseButton.swift */ = {isa = PBXFileReference; lastKnownFileType = sourcecode.swift; path = CloseButton.swift; sourceTree = "<group>"; };
		B2A6FC98295A970D00657AD9 /* CloudKit.framework */ = {isa = PBXFileReference; lastKnownFileType = wrapper.framework; name = CloudKit.framework; path = Platforms/iPhoneOS.platform/Developer/SDKs/iPhoneOS16.2.sdk/System/Library/Frameworks/CloudKit.framework; sourceTree = DEVELOPER_DIR; };
		B2A6FC9A295A981100657AD9 /* Color+Ext.swift */ = {isa = PBXFileReference; lastKnownFileType = sourcecode.swift; path = "Color+Ext.swift"; sourceTree = "<group>"; };
		B2A6FC9C295AB33400657AD9 /* ShuffleViewModel.swift */ = {isa = PBXFileReference; lastKnownFileType = sourcecode.swift; path = ShuffleViewModel.swift; sourceTree = "<group>"; };
/* End PBXFileReference section */

/* Begin PBXFrameworksBuildPhase section */
		B2A6FC71295A941600657AD9 /* Frameworks */ = {
			isa = PBXFrameworksBuildPhase;
			buildActionMask = 2147483647;
			files = (
				B2A6FC99295A970D00657AD9 /* CloudKit.framework in Frameworks */,
			);
			runOnlyForDeploymentPostprocessing = 0;
		};
/* End PBXFrameworksBuildPhase section */

/* Begin PBXGroup section */
		B2A6FC6B295A941600657AD9 = {
			isa = PBXGroup;
			children = (
				B2A6FC76295A941600657AD9 /* OnlyPrompts */,
				B2A6FC75295A941600657AD9 /* Products */,
				B2A6FC97295A970C00657AD9 /* Frameworks */,
			);
			sourceTree = "<group>";
		};
		B2A6FC75295A941600657AD9 /* Products */ = {
			isa = PBXGroup;
			children = (
				B2A6FC74295A941600657AD9 /* OnlyPrompts.app */,
			);
			name = Products;
			sourceTree = "<group>";
		};
		B2A6FC76295A941600657AD9 /* OnlyPrompts */ = {
			isa = PBXGroup;
			children = (
				B2A6FC77295A941600657AD9 /* OnlyPromptsApp.swift */,
				B2A6FC79295A941600657AD9 /* Persistence.swift */,
				B2A6FC7E295A941600657AD9 /* ContentView.swift */,
				B2A6FC8F295A950100657AD9 /* ImagePromptDetailView.swift */,
				B2A6FC80295A941700657AD9 /* Assets.xcassets */,
				B2A6FC82295A941700657AD9 /* OnlyPrompts.entitlements */,
				B2A6FC7B295A941600657AD9 /* OnlyPrompts.xcdatamodeld */,
				B2A6FC83295A941700657AD9 /* Preview Content */,
				B2A6FC8B295A947F00657AD9 /* ModelData.swift */,
				B2A6FC8D295A94B600657AD9 /* Prompt.swift */,
				B2A6FC95295A965000657AD9 /* CloseButton.swift */,
				B2A6FC9A295A981100657AD9 /* Color+Ext.swift */,
				B2A6FC9C295AB33400657AD9 /* ShuffleViewModel.swift */,
			);
			path = OnlyPrompts;
			sourceTree = "<group>";
		};
		B2A6FC83295A941700657AD9 /* Preview Content */ = {
			isa = PBXGroup;
			children = (
				B2A6FC84295A941700657AD9 /* Preview Assets.xcassets */,
			);
			path = "Preview Content";
			sourceTree = "<group>";
		};
		B2A6FC97295A970C00657AD9 /* Frameworks */ = {
			isa = PBXGroup;
			children = (
				B2A6FC98295A970D00657AD9 /* CloudKit.framework */,
			);
			name = Frameworks;
			sourceTree = "<group>";
		};
/* End PBXGroup section */

/* Begin PBXNativeTarget section */
		B2A6FC73295A941600657AD9 /* OnlyPrompts */ = {
			isa = PBXNativeTarget;
			buildConfigurationList = B2A6FC88295A941700657AD9 /* Build configuration list for PBXNativeTarget "OnlyPrompts" */;
			buildPhases = (
				B2A6FC70295A941600657AD9 /* Sources */,
				B2A6FC71295A941600657AD9 /* Frameworks */,
				B2A6FC72295A941600657AD9 /* Resources */,
			);
			buildRules = (
			);
			dependencies = (
			);
			name = OnlyPrompts;
			productName = OnlyPrompts;
			productReference = B2A6FC74295A941600657AD9 /* OnlyPrompts.app */;
			productType = "com.apple.product-type.application";
		};
/* End PBXNativeTarget section */

/* Begin PBXProject section */
		B2A6FC6C295A941600657AD9 /* Project object */ = {
			isa = PBXProject;
			attributes = {
				BuildIndependentTargetsInParallel = 1;
				LastSwiftUpdateCheck = 1420;
				LastUpgradeCheck = 1420;
				TargetAttributes = {
					B2A6FC73295A941600657AD9 = {
						CreatedOnToolsVersion = 14.2;
					};
				};
			};
			buildConfigurationList = B2A6FC6F295A941600657AD9 /* Build configuration list for PBXProject "OnlyPrompts" */;
			compatibilityVersion = "Xcode 14.0";
			developmentRegion = en;
			hasScannedForEncodings = 0;
			knownRegions = (
				en,
				Base,
			);
			mainGroup = B2A6FC6B295A941600657AD9;
			productRefGroup = B2A6FC75295A941600657AD9 /* Products */;
			projectDirPath = "";
			projectRoot = "";
			targets = (
				B2A6FC73295A941600657AD9 /* OnlyPrompts */,
			);
		};
/* End PBXProject section */

/* Begin PBXResourcesBuildPhase section */
		B2A6FC72295A941600657AD9 /* Resources */ = {
			isa = PBXResourcesBuildPhase;
			buildActionMask = 2147483647;
			files = (
				B2A6FC85295A941700657AD9 /* Preview Assets.xcassets in Resources */,
				B2A6FC81295A941700657AD9 /* Assets.xcassets in Resources */,
			);
			runOnlyForDeploymentPostprocessing = 0;
		};
/* End PBXResourcesBuildPhase section */

/* Begin PBXSourcesBuildPhase section */
		B2A6FC70295A941600657AD9 /* Sources */ = {
			isa = PBXSourcesBuildPhase;
			buildActionMask = 2147483647;
			files = (
				B2A6FC96295A965000657AD9 /* CloseButton.swift in Sources */,
				B2A6FC78295A941600657AD9 /* OnlyPromptsApp.swift in Sources */,
				B2A6FC90295A950100657AD9 /* ImagePromptDetailView.swift in Sources */,
				B2A6FC8E295A94B600657AD9 /* Prompt.swift in Sources */,
				B2A6FC7A295A941600657AD9 /* Persistence.swift in Sources */,
				B2A6FC8C295A947F00657AD9 /* ModelData.swift in Sources */,
				B2A6FC9D295AB33400657AD9 /* ShuffleViewModel.swift in Sources */,
				B2A6FC7F295A941600657AD9 /* ContentView.swift in Sources */,
				B2A6FC7D295A941600657AD9 /* OnlyPrompts.xcdatamodeld in Sources */,
				B2A6FC9B295A981100657AD9 /* Color+Ext.swift in Sources */,
			);
			runOnlyForDeploymentPostprocessing = 0;
		};
/* End PBXSourcesBuildPhase section */

/* Begin XCBuildConfiguration section */
		B2A6FC86295A941700657AD9 /* Debug */ = {
			isa = XCBuildConfiguration;
			buildSettings = {
				ALWAYS_SEARCH_USER_PATHS = NO;
				CLANG_ANALYZER_NONNULL = YES;
				CLANG_ANALYZER_NUMBER_OBJECT_CONVERSION = YES_AGGRESSIVE;
				CLANG_CXX_LANGUAGE_STANDARD = "gnu++20";
				CLANG_ENABLE_MODULES = YES;
				CLANG_ENABLE_OBJC_ARC = YES;
				CLANG_ENABLE_OBJC_WEAK = YES;
				CLANG_WARN_BLOCK_CAPTURE_AUTORELEASING = YES;
				CLANG_WARN_BOOL_CONVERSION = YES;
				CLANG_WARN_COMMA = YES;
				CLANG_WARN_CONSTANT_CONVERSION = YES;
				CLANG_WARN_DEPRECATED_OBJC_IMPLEMENTATIONS = YES;
				CLANG_WARN_DIRECT_OBJC_ISA_USAGE = YES_ERROR;
				CLANG_WARN_DOCUMENTATION_COMMENTS = YES;
				CLANG_WARN_EMPTY_BODY = YES;
				CLANG_WARN_ENUM_CONVERSION = YES;
				CLANG_WARN_INFINITE_RECURSION = YES;
				CLANG_WARN_INT_CONVERSION = YES;
				CLANG_WARN_NON_LITERAL_NULL_CONVERSION = YES;
				CLANG_WARN_OBJC_IMPLICIT_RETAIN_SELF = YES;
				CLANG_WARN_OBJC_LITERAL_CONVERSION = YES;
				CLANG_WARN_OBJC_ROOT_CLASS = YES_ERROR;
				CLANG_WARN_QUOTED_INCLUDE_IN_FRAMEWORK_HEADER = YES;
				CLANG_WARN_RANGE_LOOP_ANALYSIS = YES;
				CLANG_WARN_STRICT_PROTOTYPES = YES;
				CLANG_WARN_SUSPICIOUS_MOVE = YES;
				CLANG_WARN_UNGUARDED_AVAILABILITY = YES_AGGRESSIVE;
				CLANG_WARN_UNREACHABLE_CODE = YES;
				CLANG_WARN__DUPLICATE_METHOD_MATCH = YES;
				COPY_PHASE_STRIP = NO;
				DEBUG_INFORMATION_FORMAT = dwarf;
				ENABLE_STRICT_OBJC_MSGSEND = YES;
				ENABLE_TESTABILITY = YES;
				GCC_C_LANGUAGE_STANDARD = gnu11;
				GCC_DYNAMIC_NO_PIC = NO;
				GCC_NO_COMMON_BLOCKS = YES;
				GCC_OPTIMIZATION_LEVEL = 0;
				GCC_PREPROCESSOR_DEFINITIONS = (
					"DEBUG=1",
					"$(inherited)",
				);
				GCC_WARN_64_TO_32_BIT_CONVERSION = YES;
				GCC_WARN_ABOUT_RETURN_TYPE = YES_ERROR;
				GCC_WARN_UNDECLARED_SELECTOR = YES;
				GCC_WARN_UNINITIALIZED_AUTOS = YES_AGGRESSIVE;
				GCC_WARN_UNUSED_FUNCTION = YES;
				GCC_WARN_UNUSED_VARIABLE = YES;
				MTL_ENABLE_DEBUG_INFO = INCLUDE_SOURCE;
				MTL_FAST_MATH = YES;
				ONLY_ACTIVE_ARCH = YES;
				SWIFT_ACTIVE_COMPILATION_CONDITIONS = DEBUG;
				SWIFT_OPTIMIZATION_LEVEL = "-Onone";
			};
			name = Debug;
		};
		B2A6FC87295A941700657AD9 /* Release */ = {
			isa = XCBuildConfiguration;
			buildSettings = {
				ALWAYS_SEARCH_USER_PATHS = NO;
				CLANG_ANALYZER_NONNULL = YES;
				CLANG_ANALYZER_NUMBER_OBJECT_CONVERSION = YES_AGGRESSIVE;
				CLANG_CXX_LANGUAGE_STANDARD = "gnu++20";
				CLANG_ENABLE_MODULES = YES;
				CLANG_ENABLE_OBJC_ARC = YES;
				CLANG_ENABLE_OBJC_WEAK = YES;
				CLANG_WARN_BLOCK_CAPTURE_AUTORELEASING = YES;
				CLANG_WARN_BOOL_CONVERSION = YES;
				CLANG_WARN_COMMA = YES;
				CLANG_WARN_CONSTANT_CONVERSION = YES;
				CLANG_WARN_DEPRECATED_OBJC_IMPLEMENTATIONS = YES;
				CLANG_WARN_DIRECT_OBJC_ISA_USAGE = YES_ERROR;
				CLANG_WARN_DOCUMENTATION_COMMENTS = YES;
				CLANG_WARN_EMPTY_BODY = YES;
				CLANG_WARN_ENUM_CONVERSION = YES;
				CLANG_WARN_INFINITE_RECURSION = YES;
				CLANG_WARN_INT_CONVERSION = YES;
				CLANG_WARN_NON_LITERAL_NULL_CONVERSION = YES;
				CLANG_WARN_OBJC_IMPLICIT_RETAIN_SELF = YES;
				CLANG_WARN_OBJC_LITERAL_CONVERSION = YES;
				CLANG_WARN_OBJC_ROOT_CLASS = YES_ERROR;
				CLANG_WARN_QUOTED_INCLUDE_IN_FRAMEWORK_HEADER = YES;
				CLANG_WARN_RANGE_LOOP_ANALYSIS = YES;
				CLANG_WARN_STRICT_PROTOTYPES = YES;
				CLANG_WARN_SUSPICIOUS_MOVE = YES;
				CLANG_WARN_UNGUARDED_AVAILABILITY = YES_AGGRESSIVE;
				CLANG_WARN_UNREACHABLE_CODE = YES;
				CLANG_WARN__DUPLICATE_METHOD_MATCH = YES;
				COPY_PHASE_STRIP = NO;
				DEBUG_INFORMATION_FORMAT = "dwarf-with-dsym";
				ENABLE_NS_ASSERTIONS = NO;
				ENABLE_STRICT_OBJC_MSGSEND = YES;
				GCC_C_LANGUAGE_STANDARD = gnu11;
				GCC_NO_COMMON_BLOCKS = YES;
				GCC_WARN_64_TO_32_BIT_CONVERSION = YES;
				GCC_WARN_ABOUT_RETURN_TYPE = YES_ERROR;
				GCC_WARN_UNDECLARED_SELECTOR = YES;
				GCC_WARN_UNINITIALIZED_AUTOS = YES_AGGRESSIVE;
				GCC_WARN_UNUSED_FUNCTION = YES;
				GCC_WARN_UNUSED_VARIABLE = YES;
				MTL_ENABLE_DEBUG_INFO = NO;
				MTL_FAST_MATH = YES;
				SWIFT_COMPILATION_MODE = wholemodule;
				SWIFT_OPTIMIZATION_LEVEL = "-O";
			};
			name = Release;
		};
		B2A6FC89295A941700657AD9 /* Debug */ = {
			isa = XCBuildConfiguration;
			buildSettings = {
				ASSETCATALOG_COMPILER_APPICON_NAME = AppIcon;
				ASSETCATALOG_COMPILER_GLOBAL_ACCENT_COLOR_NAME = AccentColor;
				CODE_SIGN_ENTITLEMENTS = OnlyPrompts/OnlyPrompts.entitlements;
				CODE_SIGN_STYLE = Automatic;
				CURRENT_PROJECT_VERSION = 1;
				DEVELOPMENT_ASSET_PATHS = "\"OnlyPrompts/Preview Content\"";
				DEVELOPMENT_TEAM = 6AABZ45T5H;
				ENABLE_HARDENED_RUNTIME = YES;
				ENABLE_PREVIEWS = YES;
				GENERATE_INFOPLIST_FILE = YES;
				"INFOPLIST_KEY_UIApplicationSceneManifest_Generation[sdk=iphoneos*]" = YES;
				"INFOPLIST_KEY_UIApplicationSceneManifest_Generation[sdk=iphonesimulator*]" = YES;
				"INFOPLIST_KEY_UIApplicationSupportsIndirectInputEvents[sdk=iphoneos*]" = YES;
				"INFOPLIST_KEY_UIApplicationSupportsIndirectInputEvents[sdk=iphonesimulator*]" = YES;
				"INFOPLIST_KEY_UILaunchScreen_Generation[sdk=iphoneos*]" = YES;
				"INFOPLIST_KEY_UILaunchScreen_Generation[sdk=iphonesimulator*]" = YES;
				"INFOPLIST_KEY_UIStatusBarStyle[sdk=iphoneos*]" = UIStatusBarStyleDefault;
				"INFOPLIST_KEY_UIStatusBarStyle[sdk=iphonesimulator*]" = UIStatusBarStyleDefault;
				INFOPLIST_KEY_UISupportedInterfaceOrientations_iPad = "UIInterfaceOrientationPortrait UIInterfaceOrientationPortraitUpsideDown UIInterfaceOrientationLandscapeLeft UIInterfaceOrientationLandscapeRight";
				INFOPLIST_KEY_UISupportedInterfaceOrientations_iPhone = "UIInterfaceOrientationPortrait UIInterfaceOrientationLandscapeLeft UIInterfaceOrientationLandscapeRight";
				IPHONEOS_DEPLOYMENT_TARGET = 16.2;
				LD_RUNPATH_SEARCH_PATHS = "@executable_path/Frameworks";
				"LD_RUNPATH_SEARCH_PATHS[sdk=macosx*]" = "@executable_path/../Frameworks";
				MACOSX_DEPLOYMENT_TARGET = 13.1;
				MARKETING_VERSION = 1.0;
				PRODUCT_BUNDLE_IDENTIFIER = design.subcreation.OnlyPrompts;
				PRODUCT_NAME = "$(TARGET_NAME)";
				SDKROOT = auto;
				SUPPORTED_PLATFORMS = "iphoneos iphonesimulator macosx";
				SWIFT_EMIT_LOC_STRINGS = YES;
				SWIFT_VERSION = 5.0;
				TARGETED_DEVICE_FAMILY = "1,2";
			};
			name = Debug;
		};
		B2A6FC8A295A941700657AD9 /* Release */ = {
			isa = XCBuildConfiguration;
			buildSettings = {
				ASSETCATALOG_COMPILER_APPICON_NAME = AppIcon;
				ASSETCATALOG_COMPILER_GLOBAL_ACCENT_COLOR_NAME = AccentColor;
				CODE_SIGN_ENTITLEMENTS = OnlyPrompts/OnlyPrompts.entitlements;
				CODE_SIGN_STYLE = Automatic;
				CURRENT_PROJECT_VERSION = 1;
				DEVELOPMENT_ASSET_PATHS = "\"OnlyPrompts/Preview Content\"";
				DEVELOPMENT_TEAM = 6AABZ45T5H;
				ENABLE_HARDENED_RUNTIME = YES;
				ENABLE_PREVIEWS = YES;
				GENERATE_INFOPLIST_FILE = YES;
				"INFOPLIST_KEY_UIApplicationSceneManifest_Generation[sdk=iphoneos*]" = YES;
				"INFOPLIST_KEY_UIApplicationSceneManifest_Generation[sdk=iphonesimulator*]" = YES;
				"INFOPLIST_KEY_UIApplicationSupportsIndirectInputEvents[sdk=iphoneos*]" = YES;
				"INFOPLIST_KEY_UIApplicationSupportsIndirectInputEvents[sdk=iphonesimulator*]" = YES;
				"INFOPLIST_KEY_UILaunchScreen_Generation[sdk=iphoneos*]" = YES;
				"INFOPLIST_KEY_UILaunchScreen_Generation[sdk=iphonesimulator*]" = YES;
				"INFOPLIST_KEY_UIStatusBarStyle[sdk=iphoneos*]" = UIStatusBarStyleDefault;
				"INFOPLIST_KEY_UIStatusBarStyle[sdk=iphonesimulator*]" = UIStatusBarStyleDefault;
				INFOPLIST_KEY_UISupportedInterfaceOrientations_iPad = "UIInterfaceOrientationPortrait UIInterfaceOrientationPortraitUpsideDown UIInterfaceOrientationLandscapeLeft UIInterfaceOrientationLandscapeRight";
				INFOPLIST_KEY_UISupportedInterfaceOrientations_iPhone = "UIInterfaceOrientationPortrait UIInterfaceOrientationLandscapeLeft UIInterfaceOrientationLandscapeRight";
				IPHONEOS_DEPLOYMENT_TARGET = 16.2;
				LD_RUNPATH_SEARCH_PATHS = "@executable_path/Frameworks";
				"LD_RUNPATH_SEARCH_PATHS[sdk=macosx*]" = "@executable_path/../Frameworks";
				MACOSX_DEPLOYMENT_TARGET = 13.1;
				MARKETING_VERSION = 1.0;
				PRODUCT_BUNDLE_IDENTIFIER = design.subcreation.OnlyPrompts;
				PRODUCT_NAME = "$(TARGET_NAME)";
				SDKROOT = auto;
				SUPPORTED_PLATFORMS = "iphoneos iphonesimulator macosx";
				SWIFT_EMIT_LOC_STRINGS = YES;
				SWIFT_VERSION = 5.0;
				TARGETED_DEVICE_FAMILY = "1,2";
			};
			name = Release;
		};
/* End XCBuildConfiguration section */

/* Begin XCConfigurationList section */
		B2A6FC6F295A941600657AD9 /* Build configuration list for PBXProject "OnlyPrompts" */ = {
			isa = XCConfigurationList;
			buildConfigurations = (
				B2A6FC86295A941700657AD9 /* Debug */,
				B2A6FC87295A941700657AD9 /* Release */,
			);
			defaultConfigurationIsVisible = 0;
			defaultConfigurationName = Release;
		};
		B2A6FC88295A941700657AD9 /* Build configuration list for PBXNativeTarget "OnlyPrompts" */ = {
			isa = XCConfigurationList;
			buildConfigurations = (
				B2A6FC89295A941700657AD9 /* Debug */,
				B2A6FC8A295A941700657AD9 /* Release */,
			);
			defaultConfigurationIsVisible = 0;
			defaultConfigurationName = Release;
		};
/* End XCConfigurationList section */

/* Begin XCVersionGroup section */
		B2A6FC7B295A941600657AD9 /* OnlyPrompts.xcdatamodeld */ = {
			isa = XCVersionGroup;
			children = (
				B2A6FC7C295A941600657AD9 /* OnlyPrompts.xcdatamodel */,
			);
			currentVersion = B2A6FC7C295A941600657AD9 /* OnlyPrompts.xcdatamodel */;
			path = OnlyPrompts.xcdatamodeld;
			sourceTree = "<group>";
			versionGroupType = wrapper.xcdatamodel;
		};
/* End XCVersionGroup section */
	};
	rootObject = B2A6FC6C295A941600657AD9 /* Project object */;
}
